
Microsoft Visual Studio Solution File, Format Version 12.00
# Visual Studio Version 17
VisualStudioVersion = 17.13.35806.99
MinimumVisualStudioVersion = 10.0.40219.1
Project("{FAE04EC0-301F-11D3-BF4B-00C04F79EFBC}") = "CalculatorApp", "CalculatorApp.csproj", "{A6A0143F-C7B4-4CCA-821C-CABFD82E1721}"
EndProject
Global
	GlobalSection(SolutionConfigurationPlatforms) = preSolution
		Debug|Any CPU = Debug|Any CPU
		Release|Any CPU = Release|Any CPU
	EndGlobalSection
	GlobalSection(ProjectConfigurationPlatforms) = postSolution
		{A6A0143F-C7B4-4CCA-821C-CABFD82E1721}.Debug|Any CPU.ActiveCfg = Debug|Any CPU
		{A6A0143F-C7B4-4CCA-821C-CABFD82E1721}.Debug|Any CPU.Build.0 = Debug|Any CPU
		{A6A0143F-C7B4-4CCA-821C-CABFD82E1721}.Debug|Any CPU.Deploy.0 = Debug|Any CPU
		{A6A0143F-C7B4-4CCA-821C-CABFD82E1721}.Release|Any CPU.ActiveCfg = Release|Any CPU
		{A6A0143F-C7B4-4CCA-821C-CABFD82E1721}.Release|Any CPU.Build.0 = Release|Any CPU
	EndGlobalSection
	GlobalSection(SolutionProperties) = preSolution
		HideSolutionNode = FALSE
	EndGlobalSection
	GlobalSection(ExtensibilityGlobals) = postSolution
		SolutionGuid = {CE52EFEE-4879-4996-A56C-1043BE4A2822}
	EndGlobalSection
EndGlobal
